// !$*UTF8*$!
{
	archiveVersion = 1;
	classes = {
	};
	objectVersion = 56;
	objects = {

/* Begin PBXBuildFile section */
		1F7A8B7E2AB22EF200F1C6DC /* UberDemoApp.swift in Sources */ = {isa = PBXBuildFile; fileRef = 1F7A8B7D2AB22EF200F1C6DC /* UberDemoApp.swift */; };
		1F7A8B822AB22EF400F1C6DC /* Assets.xcassets in Resources */ = {isa = PBXBuildFile; fileRef = 1F7A8B812AB22EF400F1C6DC /* Assets.xcassets */; };
		1F7A8B862AB22EF400F1C6DC /* Preview Assets.xcassets in Resources */ = {isa = PBXBuildFile; fileRef = 1F7A8B852AB22EF400F1C6DC /* Preview Assets.xcassets */; };
		1F8064F22AB77A7700B62366 /* LocationManager.swift in Sources */ = {isa = PBXBuildFile; fileRef = 1F8064F12AB77A7700B62366 /* LocationManager.swift */; };
		1F8064F52AB7818A00B62366 /* SearchLocationBarView.swift in Sources */ = {isa = PBXBuildFile; fileRef = 1F8064F42AB7818A00B62366 /* SearchLocationBarView.swift */; };
		1F8064F72AB784A000B62366 /* HomePageActionButton.swift in Sources */ = {isa = PBXBuildFile; fileRef = 1F8064F62AB784A000B62366 /* HomePageActionButton.swift */; };
		1F8064FA2AB7872A00B62366 /* SearchLocationDetailView.swift in Sources */ = {isa = PBXBuildFile; fileRef = 1F8064F92AB7872A00B62366 /* SearchLocationDetailView.swift */; };
		1F8064FC2AB78B5300B62366 /* SearchLocationResultCell.swift in Sources */ = {isa = PBXBuildFile; fileRef = 1F8064FB2AB78B5300B62366 /* SearchLocationResultCell.swift */; };
		1F8065002AB7A50500B62366 /* SearchLocationViewModel.swift in Sources */ = {isa = PBXBuildFile; fileRef = 1F8064FF2AB7A50500B62366 /* SearchLocationViewModel.swift */; };
		1F8065022AB8FDE800B62366 /* MapViewState.swift in Sources */ = {isa = PBXBuildFile; fileRef = 1F8065012AB8FDE800B62366 /* MapViewState.swift */; };
		1F8065052ABCB24D00B62366 /* RideRequestView.swift in Sources */ = {isa = PBXBuildFile; fileRef = 1F8065042ABCB24D00B62366 /* RideRequestView.swift */; };
		1F8065072ABCB3A600B62366 /* IconsForCurrentLocationToDest.swift in Sources */ = {isa = PBXBuildFile; fileRef = 1F8065062ABCB3A600B62366 /* IconsForCurrentLocationToDest.swift */; };
		1F80650A2ABF5B6C00B62366 /* UberRideType.swift in Sources */ = {isa = PBXBuildFile; fileRef = 1F8065092ABF5B6C00B62366 /* UberRideType.swift */; };
		1F80650C2ACBB26200B62366 /* Double.swift in Sources */ = {isa = PBXBuildFile; fileRef = 1F80650B2ACBB26200B62366 /* Double.swift */; };
		1F80650E2ACBB50B00B62366 /* UberLocation.swift in Sources */ = {isa = PBXBuildFile; fileRef = 1F80650D2ACBB50B00B62366 /* UberLocation.swift */; };
		1F8065102AD4BC1100B62366 /* Color.swift in Sources */ = {isa = PBXBuildFile; fileRef = 1F80650F2AD4BC1100B62366 /* Color.swift */; };
		1FA2BAB42AB2545E004311D0 /* HomeView.swift in Sources */ = {isa = PBXBuildFile; fileRef = 1F7A8B7F2AB22EF200F1C6DC /* HomeView.swift */; };
		1FA2BABA2AB3E9A0004311D0 /* UberMapViewRepresentable.swift in Sources */ = {isa = PBXBuildFile; fileRef = 1F7A8B942AB2338C00F1C6DC /* UberMapViewRepresentable.swift */; };
/* End PBXBuildFile section */

/* Begin PBXFileReference section */
		1F7A8B7A2AB22EF200F1C6DC /* UberDemo.app */ = {isa = PBXFileReference; explicitFileType = wrapper.application; includeInIndex = 0; path = UberDemo.app; sourceTree = BUILT_PRODUCTS_DIR; };
		1F7A8B7D2AB22EF200F1C6DC /* UberDemoApp.swift */ = {isa = PBXFileReference; lastKnownFileType = sourcecode.swift; path = UberDemoApp.swift; sourceTree = "<group>"; };
		1F7A8B7F2AB22EF200F1C6DC /* HomeView.swift */ = {isa = PBXFileReference; lastKnownFileType = sourcecode.swift; path = HomeView.swift; sourceTree = "<group>"; };
		1F7A8B812AB22EF400F1C6DC /* Assets.xcassets */ = {isa = PBXFileReference; lastKnownFileType = folder.assetcatalog; path = Assets.xcassets; sourceTree = "<group>"; };
		1F7A8B832AB22EF400F1C6DC /* UberDemo.entitlements */ = {isa = PBXFileReference; lastKnownFileType = text.plist.entitlements; path = UberDemo.entitlements; sourceTree = "<group>"; };
		1F7A8B852AB22EF400F1C6DC /* Preview Assets.xcassets */ = {isa = PBXFileReference; lastKnownFileType = folder.assetcatalog; path = "Preview Assets.xcassets"; sourceTree = "<group>"; };
		1F7A8B942AB2338C00F1C6DC /* UberMapViewRepresentable.swift */ = {isa = PBXFileReference; lastKnownFileType = sourcecode.swift; path = UberMapViewRepresentable.swift; sourceTree = "<group>"; };
		1F8064F12AB77A7700B62366 /* LocationManager.swift */ = {isa = PBXFileReference; lastKnownFileType = sourcecode.swift; path = LocationManager.swift; sourceTree = "<group>"; };
		1F8064F42AB7818A00B62366 /* SearchLocationBarView.swift */ = {isa = PBXFileReference; lastKnownFileType = sourcecode.swift; path = SearchLocationBarView.swift; sourceTree = "<group>"; };
		1F8064F62AB784A000B62366 /* HomePageActionButton.swift */ = {isa = PBXFileReference; lastKnownFileType = sourcecode.swift; path = HomePageActionButton.swift; sourceTree = "<group>"; };
		1F8064F92AB7872A00B62366 /* SearchLocationDetailView.swift */ = {isa = PBXFileReference; lastKnownFileType = sourcecode.swift; path = SearchLocationDetailView.swift; sourceTree = "<group>"; };
		1F8064FB2AB78B5300B62366 /* SearchLocationResultCell.swift */ = {isa = PBXFileReference; lastKnownFileType = sourcecode.swift; path = SearchLocationResultCell.swift; sourceTree = "<group>"; };
		1F8064FF2AB7A50500B62366 /* SearchLocationViewModel.swift */ = {isa = PBXFileReference; lastKnownFileType = sourcecode.swift; path = SearchLocationViewModel.swift; sourceTree = "<group>"; };
		1F8065012AB8FDE800B62366 /* MapViewState.swift */ = {isa = PBXFileReference; lastKnownFileType = sourcecode.swift; path = MapViewState.swift; sourceTree = "<group>"; };
		1F8065042ABCB24D00B62366 /* RideRequestView.swift */ = {isa = PBXFileReference; lastKnownFileType = sourcecode.swift; path = RideRequestView.swift; sourceTree = "<group>"; };
		1F8065062ABCB3A600B62366 /* IconsForCurrentLocationToDest.swift */ = {isa = PBXFileReference; lastKnownFileType = sourcecode.swift; path = IconsForCurrentLocationToDest.swift; sourceTree = "<group>"; };
		1F8065092ABF5B6C00B62366 /* UberRideType.swift */ = {isa = PBXFileReference; lastKnownFileType = sourcecode.swift; path = UberRideType.swift; sourceTree = "<group>"; };
		1F80650B2ACBB26200B62366 /* Double.swift */ = {isa = PBXFileReference; lastKnownFileType = sourcecode.swift; path = Double.swift; sourceTree = "<group>"; };
		1F80650D2ACBB50B00B62366 /* UberLocation.swift */ = {isa = PBXFileReference; lastKnownFileType = sourcecode.swift; path = UberLocation.swift; sourceTree = "<group>"; };
		1F80650F2AD4BC1100B62366 /* Color.swift */ = {isa = PBXFileReference; lastKnownFileType = sourcecode.swift; path = Color.swift; sourceTree = "<group>"; };
/* End PBXFileReference section */

/* Begin PBXFrameworksBuildPhase section */
		1F7A8B772AB22EF200F1C6DC /* Frameworks */ = {
			isa = PBXFrameworksBuildPhase;
			buildActionMask = 2147483647;
			files = (
			);
			runOnlyForDeploymentPostprocessing = 0;
		};
/* End PBXFrameworksBuildPhase section */

/* Begin PBXGroup section */
		1F7A8B712AB22EF200F1C6DC = {
			isa = PBXGroup;
			children = (
				1F7A8B7C2AB22EF200F1C6DC /* UberDemo */,
				1F7A8B7B2AB22EF200F1C6DC /* Products */,
			);
			sourceTree = "<group>";
		};
		1F7A8B7B2AB22EF200F1C6DC /* Products */ = {
			isa = PBXGroup;
			children = (
				1F7A8B7A2AB22EF200F1C6DC /* UberDemo.app */,
			);
			name = Products;
			sourceTree = "<group>";
		};
		1F7A8B7C2AB22EF200F1C6DC /* UberDemo */ = {
			isa = PBXGroup;
			children = (
				1F7A8B7F2AB22EF200F1C6DC /* HomeView.swift */,
				1F7A8B912AB2305C00F1C6DC /* Managers */,
				1F7A8B902AB2303E00F1C6DC /* Extensions */,
				1F7A8B8F2AB2302E00F1C6DC /* Core */,
				1F7A8B8D2AB2300F00F1C6DC /* App */,
				1F7A8B8C2AB22FCE00F1C6DC /* Models */,
				1F7A8B812AB22EF400F1C6DC /* Assets.xcassets */,
				1F7A8B832AB22EF400F1C6DC /* UberDemo.entitlements */,
				1F7A8B842AB22EF400F1C6DC /* Preview Content */,
			);
			path = UberDemo;
			sourceTree = "<group>";
		};
		1F7A8B842AB22EF400F1C6DC /* Preview Content */ = {
			isa = PBXGroup;
			children = (
				1F7A8B852AB22EF400F1C6DC /* Preview Assets.xcassets */,
			);
			path = "Preview Content";
			sourceTree = "<group>";
		};
		1F7A8B8C2AB22FCE00F1C6DC /* Models */ = {
			isa = PBXGroup;
			children = (
				1F8065012AB8FDE800B62366 /* MapViewState.swift */,
				1F8065092ABF5B6C00B62366 /* UberRideType.swift */,
				1F80650D2ACBB50B00B62366 /* UberLocation.swift */,
			);
			path = Models;
			sourceTree = "<group>";
		};
		1F7A8B8D2AB2300F00F1C6DC /* App */ = {
			isa = PBXGroup;
			children = (
				1F7A8B7D2AB22EF200F1C6DC /* UberDemoApp.swift */,
			);
			path = App;
			sourceTree = "<group>";
		};
		1F7A8B8F2AB2302E00F1C6DC /* Core */ = {
			isa = PBXGroup;
			children = (
				1F8065032ABCB23700B62366 /* Trips */,
				1F8064F82AB7870C00B62366 /* SearhLocation */,
				1F8064F32AB7816400B62366 /* HomePage */,
			);
			path = Core;
			sourceTree = "<group>";
		};
		1F7A8B902AB2303E00F1C6DC /* Extensions */ = {
			isa = PBXGroup;
			children = (
				1F80650B2ACBB26200B62366 /* Double.swift */,
				1F80650F2AD4BC1100B62366 /* Color.swift */,
			);
			path = Extensions;
			sourceTree = "<group>";
		};
		1F7A8B912AB2305C00F1C6DC /* Managers */ = {
			isa = PBXGroup;
			children = (
				1F8064F12AB77A7700B62366 /* LocationManager.swift */,
			);
			path = Managers;
			sourceTree = "<group>";
		};
		1F7A8B922AB2331B00F1C6DC /* Views */ = {
			isa = PBXGroup;
			children = (
				1F7A8B942AB2338C00F1C6DC /* UberMapViewRepresentable.swift */,
				1F8064F42AB7818A00B62366 /* SearchLocationBarView.swift */,
				1F8064F62AB784A000B62366 /* HomePageActionButton.swift */,
			);
			path = Views;
			sourceTree = "<group>";
		};
		1F7A8B932AB2332B00F1C6DC /* ViewModels */ = {
			isa = PBXGroup;
			children = (
			);
			path = ViewModels;
			sourceTree = "<group>";
		};
		1F8064F32AB7816400B62366 /* HomePage */ = {
			isa = PBXGroup;
			children = (
				1F7A8B922AB2331B00F1C6DC /* Views */,
				1F7A8B932AB2332B00F1C6DC /* ViewModels */,
			);
			path = HomePage;
			sourceTree = "<group>";
		};
		1F8064F82AB7870C00B62366 /* SearhLocation */ = {
			isa = PBXGroup;
			children = (
				1F8064FD2AB7A4BB00B62366 /* View */,
				1F8064FE2AB7A4E900B62366 /* ViewModel */,
			);
			path = SearhLocation;
			sourceTree = "<group>";
		};
		1F8064FD2AB7A4BB00B62366 /* View */ = {
			isa = PBXGroup;
			children = (
				1F8064FB2AB78B5300B62366 /* SearchLocationResultCell.swift */,
				1F8064F92AB7872A00B62366 /* SearchLocationDetailView.swift */,
				1F8065062ABCB3A600B62366 /* IconsForCurrentLocationToDest.swift */,
			);
			path = View;
			sourceTree = "<group>";
		};
		1F8064FE2AB7A4E900B62366 /* ViewModel */ = {
			isa = PBXGroup;
			children = (
				1F8064FF2AB7A50500B62366 /* SearchLocationViewModel.swift */,
			);
			path = ViewModel;
			sourceTree = "<group>";
		};
		1F8065032ABCB23700B62366 /* Trips */ = {
			isa = PBXGroup;
			children = (
				1F8065042ABCB24D00B62366 /* RideRequestView.swift */,
			);
			path = Trips;
			sourceTree = "<group>";
		};
/* End PBXGroup section */

/* Begin PBXNativeTarget section */
		1F7A8B792AB22EF200F1C6DC /* UberDemo */ = {
			isa = PBXNativeTarget;
			buildConfigurationList = 1F7A8B892AB22EF400F1C6DC /* Build configuration list for PBXNativeTarget "UberDemo" */;
			buildPhases = (
				1F7A8B762AB22EF200F1C6DC /* Sources */,
				1F7A8B772AB22EF200F1C6DC /* Frameworks */,
				1F7A8B782AB22EF200F1C6DC /* Resources */,
			);
			buildRules = (
			);
			dependencies = (
			);
			name = UberDemo;
			productName = UberDemo;
			productReference = 1F7A8B7A2AB22EF200F1C6DC /* UberDemo.app */;
			productType = "com.apple.product-type.application";
		};
/* End PBXNativeTarget section */

/* Begin PBXProject section */
		1F7A8B722AB22EF200F1C6DC /* Project object */ = {
			isa = PBXProject;
			attributes = {
				BuildIndependentTargetsInParallel = 1;
				LastSwiftUpdateCheck = 1430;
				LastUpgradeCheck = 1430;
				TargetAttributes = {
					1F7A8B792AB22EF200F1C6DC = {
						CreatedOnToolsVersion = 14.3.1;
					};
				};
			};
			buildConfigurationList = 1F7A8B752AB22EF200F1C6DC /* Build configuration list for PBXProject "UberDemo" */;
			compatibilityVersion = "Xcode 14.0";
			developmentRegion = en;
			hasScannedForEncodings = 0;
			knownRegions = (
				en,
				Base,
			);
			mainGroup = 1F7A8B712AB22EF200F1C6DC;
			productRefGroup = 1F7A8B7B2AB22EF200F1C6DC /* Products */;
			projectDirPath = "";
			projectRoot = "";
			targets = (
				1F7A8B792AB22EF200F1C6DC /* UberDemo */,
			);
		};
/* End PBXProject section */

/* Begin PBXResourcesBuildPhase section */
		1F7A8B782AB22EF200F1C6DC /* Resources */ = {
			isa = PBXResourcesBuildPhase;
			buildActionMask = 2147483647;
			files = (
				1F7A8B862AB22EF400F1C6DC /* Preview Assets.xcassets in Resources */,
				1F7A8B822AB22EF400F1C6DC /* Assets.xcassets in Resources */,
			);
			runOnlyForDeploymentPostprocessing = 0;
		};
/* End PBXResourcesBuildPhase section */

/* Begin PBXSourcesBuildPhase section */
		1F7A8B762AB22EF200F1C6DC /* Sources */ = {
			isa = PBXSourcesBuildPhase;
			buildActionMask = 2147483647;
			files = (
				1F8064F22AB77A7700B62366 /* LocationManager.swift in Sources */,
				1FA2BAB42AB2545E004311D0 /* HomeView.swift in Sources */,
				1F8064F52AB7818A00B62366 /* SearchLocationBarView.swift in Sources */,
				1F8065052ABCB24D00B62366 /* RideRequestView.swift in Sources */,
				1F8065022AB8FDE800B62366 /* MapViewState.swift in Sources */,
				1F8065102AD4BC1100B62366 /* Color.swift in Sources */,
				1F8064F72AB784A000B62366 /* HomePageActionButton.swift in Sources */,
				1F80650C2ACBB26200B62366 /* Double.swift in Sources */,
				1F8064FA2AB7872A00B62366 /* SearchLocationDetailView.swift in Sources */,
				1F7A8B7E2AB22EF200F1C6DC /* UberDemoApp.swift in Sources */,
				1F80650E2ACBB50B00B62366 /* UberLocation.swift in Sources */,
				1F8065072ABCB3A600B62366 /* IconsForCurrentLocationToDest.swift in Sources */,
				1F8065002AB7A50500B62366 /* SearchLocationViewModel.swift in Sources */,
				1F80650A2ABF5B6C00B62366 /* UberRideType.swift in Sources */,
				1FA2BABA2AB3E9A0004311D0 /* UberMapViewRepresentable.swift in Sources */,
				1F8064FC2AB78B5300B62366 /* SearchLocationResultCell.swift in Sources */,
			);
			runOnlyForDeploymentPostprocessing = 0;
		};
/* End PBXSourcesBuildPhase section */

/* Begin XCBuildConfiguration section */
		1F7A8B872AB22EF400F1C6DC /* Debug */ = {
			isa = XCBuildConfiguration;
			buildSettings = {
				ALWAYS_SEARCH_USER_PATHS = NO;
				CLANG_ANALYZER_NONNULL = YES;
				CLANG_ANALYZER_NUMBER_OBJECT_CONVERSION = YES_AGGRESSIVE;
				CLANG_CXX_LANGUAGE_STANDARD = "gnu++20";
				CLANG_ENABLE_MODULES = YES;
				CLANG_ENABLE_OBJC_ARC = YES;
				CLANG_ENABLE_OBJC_WEAK = YES;
				CLANG_WARN_BLOCK_CAPTURE_AUTORELEASING = YES;
				CLANG_WARN_BOOL_CONVERSION = YES;
				CLANG_WARN_COMMA = YES;
				CLANG_WARN_CONSTANT_CONVERSION = YES;
				CLANG_WARN_DEPRECATED_OBJC_IMPLEMENTATIONS = YES;
				CLANG_WARN_DIRECT_OBJC_ISA_USAGE = YES_ERROR;
				CLANG_WARN_DOCUMENTATION_COMMENTS = YES;
				CLANG_WARN_EMPTY_BODY = YES;
				CLANG_WARN_ENUM_CONVERSION = YES;
				CLANG_WARN_INFINITE_RECURSION = YES;
				CLANG_WARN_INT_CONVERSION = YES;
				CLANG_WARN_NON_LITERAL_NULL_CONVERSION = YES;
				CLANG_WARN_OBJC_IMPLICIT_RETAIN_SELF = YES;
				CLANG_WARN_OBJC_LITERAL_CONVERSION = YES;
				CLANG_WARN_OBJC_ROOT_CLASS = YES_ERROR;
				CLANG_WARN_QUOTED_INCLUDE_IN_FRAMEWORK_HEADER = YES;
				CLANG_WARN_RANGE_LOOP_ANALYSIS = YES;
				CLANG_WARN_STRICT_PROTOTYPES = YES;
				CLANG_WARN_SUSPICIOUS_MOVE = YES;
				CLANG_WARN_UNGUARDED_AVAILABILITY = YES_AGGRESSIVE;
				CLANG_WARN_UNREACHABLE_CODE = YES;
				CLANG_WARN__DUPLICATE_METHOD_MATCH = YES;
				COPY_PHASE_STRIP = NO;
				DEBUG_INFORMATION_FORMAT = dwarf;
				ENABLE_STRICT_OBJC_MSGSEND = YES;
				ENABLE_TESTABILITY = YES;
				GCC_C_LANGUAGE_STANDARD = gnu11;
				GCC_DYNAMIC_NO_PIC = NO;
				GCC_NO_COMMON_BLOCKS = YES;
				GCC_OPTIMIZATION_LEVEL = 0;
				GCC_PREPROCESSOR_DEFINITIONS = (
					"DEBUG=1",
					"$(inherited)",
				);
				GCC_WARN_64_TO_32_BIT_CONVERSION = YES;
				GCC_WARN_ABOUT_RETURN_TYPE = YES_ERROR;
				GCC_WARN_UNDECLARED_SELECTOR = YES;
				GCC_WARN_UNINITIALIZED_AUTOS = YES_AGGRESSIVE;
				GCC_WARN_UNUSED_FUNCTION = YES;
				GCC_WARN_UNUSED_VARIABLE = YES;
				MTL_ENABLE_DEBUG_INFO = INCLUDE_SOURCE;
				MTL_FAST_MATH = YES;
				ONLY_ACTIVE_ARCH = YES;
				SWIFT_ACTIVE_COMPILATION_CONDITIONS = DEBUG;
				SWIFT_OPTIMIZATION_LEVEL = "-Onone";
			};
			name = Debug;
		};
		1F7A8B882AB22EF400F1C6DC /* Release */ = {
			isa = XCBuildConfiguration;
			buildSettings = {
				ALWAYS_SEARCH_USER_PATHS = NO;
				CLANG_ANALYZER_NONNULL = YES;
				CLANG_ANALYZER_NUMBER_OBJECT_CONVERSION = YES_AGGRESSIVE;
				CLANG_CXX_LANGUAGE_STANDARD = "gnu++20";
				CLANG_ENABLE_MODULES = YES;
				CLANG_ENABLE_OBJC_ARC = YES;
				CLANG_ENABLE_OBJC_WEAK = YES;
				CLANG_WARN_BLOCK_CAPTURE_AUTORELEASING = YES;
				CLANG_WARN_BOOL_CONVERSION = YES;
				CLANG_WARN_COMMA = YES;
				CLANG_WARN_CONSTANT_CONVERSION = YES;
				CLANG_WARN_DEPRECATED_OBJC_IMPLEMENTATIONS = YES;
				CLANG_WARN_DIRECT_OBJC_ISA_USAGE = YES_ERROR;
				CLANG_WARN_DOCUMENTATION_COMMENTS = YES;
				CLANG_WARN_EMPTY_BODY = YES;
				CLANG_WARN_ENUM_CONVERSION = YES;
				CLANG_WARN_INFINITE_RECURSION = YES;
				CLANG_WARN_INT_CONVERSION = YES;
				CLANG_WARN_NON_LITERAL_NULL_CONVERSION = YES;
				CLANG_WARN_OBJC_IMPLICIT_RETAIN_SELF = YES;
				CLANG_WARN_OBJC_LITERAL_CONVERSION = YES;
				CLANG_WARN_OBJC_ROOT_CLASS = YES_ERROR;
				CLANG_WARN_QUOTED_INCLUDE_IN_FRAMEWORK_HEADER = YES;
				CLANG_WARN_RANGE_LOOP_ANALYSIS = YES;
				CLANG_WARN_STRICT_PROTOTYPES = YES;
				CLANG_WARN_SUSPICIOUS_MOVE = YES;
				CLANG_WARN_UNGUARDED_AVAILABILITY = YES_AGGRESSIVE;
				CLANG_WARN_UNREACHABLE_CODE = YES;
				CLANG_WARN__DUPLICATE_METHOD_MATCH = YES;
				COPY_PHASE_STRIP = NO;
				DEBUG_INFORMATION_FORMAT = "dwarf-with-dsym";
				ENABLE_NS_ASSERTIONS = NO;
				ENABLE_STRICT_OBJC_MSGSEND = YES;
				GCC_C_LANGUAGE_STANDARD = gnu11;
				GCC_NO_COMMON_BLOCKS = YES;
				GCC_WARN_64_TO_32_BIT_CONVERSION = YES;
				GCC_WARN_ABOUT_RETURN_TYPE = YES_ERROR;
				GCC_WARN_UNDECLARED_SELECTOR = YES;
				GCC_WARN_UNINITIALIZED_AUTOS = YES_AGGRESSIVE;
				GCC_WARN_UNUSED_FUNCTION = YES;
				GCC_WARN_UNUSED_VARIABLE = YES;
				MTL_ENABLE_DEBUG_INFO = NO;
				MTL_FAST_MATH = YES;
				SWIFT_COMPILATION_MODE = wholemodule;
				SWIFT_OPTIMIZATION_LEVEL = "-O";
			};
			name = Release;
		};
		1F7A8B8A2AB22EF400F1C6DC /* Debug */ = {
			isa = XCBuildConfiguration;
			buildSettings = {
				ASSETCATALOG_COMPILER_APPICON_NAME = AppIcon;
				ASSETCATALOG_COMPILER_GLOBAL_ACCENT_COLOR_NAME = AccentColor;
				CODE_SIGN_ENTITLEMENTS = UberDemo/UberDemo.entitlements;
				CODE_SIGN_STYLE = Automatic;
				CURRENT_PROJECT_VERSION = 1;
				DEVELOPMENT_ASSET_PATHS = "\"UberDemo/Preview Content\"";
				DEVELOPMENT_TEAM = R5DAZYA38N;
				ENABLE_HARDENED_RUNTIME = YES;
				ENABLE_PREVIEWS = YES;
				GENERATE_INFOPLIST_FILE = YES;
				INFOPLIST_KEY_NSLocationWhenInUseUsageDescription = "Please give us Location access";
				"INFOPLIST_KEY_UIApplicationSceneManifest_Generation[sdk=iphoneos*]" = YES;
				"INFOPLIST_KEY_UIApplicationSceneManifest_Generation[sdk=iphonesimulator*]" = YES;
				"INFOPLIST_KEY_UIApplicationSupportsIndirectInputEvents[sdk=iphoneos*]" = YES;
				"INFOPLIST_KEY_UIApplicationSupportsIndirectInputEvents[sdk=iphonesimulator*]" = YES;
				"INFOPLIST_KEY_UILaunchScreen_Generation[sdk=iphoneos*]" = YES;
				"INFOPLIST_KEY_UILaunchScreen_Generation[sdk=iphonesimulator*]" = YES;
				"INFOPLIST_KEY_UIStatusBarStyle[sdk=iphoneos*]" = UIStatusBarStyleDefault;
				"INFOPLIST_KEY_UIStatusBarStyle[sdk=iphonesimulator*]" = UIStatusBarStyleDefault;
				INFOPLIST_KEY_UISupportedInterfaceOrientations_iPad = "UIInterfaceOrientationPortrait UIInterfaceOrientationPortraitUpsideDown UIInterfaceOrientationLandscapeLeft UIInterfaceOrientationLandscapeRight";
				INFOPLIST_KEY_UISupportedInterfaceOrientations_iPhone = "UIInterfaceOrientationPortrait UIInterfaceOrientationLandscapeLeft UIInterfaceOrientationLandscapeRight";
				IPHONEOS_DEPLOYMENT_TARGET = 16.4;
				LD_RUNPATH_SEARCH_PATHS = "@executable_path/Frameworks";
				"LD_RUNPATH_SEARCH_PATHS[sdk=macosx*]" = "@executable_path/../Frameworks";
				MACOSX_DEPLOYMENT_TARGET = 13.3;
				MARKETING_VERSION = 1.0;
				PRODUCT_BUNDLE_IDENTIFIER = test.UberDemo;
				PRODUCT_NAME = "$(TARGET_NAME)";
				SDKROOT = auto;
				SUPPORTED_PLATFORMS = "iphoneos iphonesimulator macosx";
				SWIFT_EMIT_LOC_STRINGS = YES;
				SWIFT_VERSION = 5.0;
				TARGETED_DEVICE_FAMILY = "1,2";
			};
			name = Debug;
		};
		1F7A8B8B2AB22EF400F1C6DC /* Release */ = {
			isa = XCBuildConfiguration;
			buildSettings = {
				ASSETCATALOG_COMPILER_APPICON_NAME = AppIcon;
				ASSETCATALOG_COMPILER_GLOBAL_ACCENT_COLOR_NAME = AccentColor;
				CODE_SIGN_ENTITLEMENTS = UberDemo/UberDemo.entitlements;
				CODE_SIGN_STYLE = Automatic;
				CURRENT_PROJECT_VERSION = 1;
				DEVELOPMENT_ASSET_PATHS = "\"UberDemo/Preview Content\"";
				DEVELOPMENT_TEAM = R5DAZYA38N;
				ENABLE_HARDENED_RUNTIME = YES;
				ENABLE_PREVIEWS = YES;
				GENERATE_INFOPLIST_FILE = YES;
				INFOPLIST_KEY_NSLocationWhenInUseUsageDescription = "Please give us Location access";
				"INFOPLIST_KEY_UIApplicationSceneManifest_Generation[sdk=iphoneos*]" = YES;
				"INFOPLIST_KEY_UIApplicationSceneManifest_Generation[sdk=iphonesimulator*]" = YES;
				"INFOPLIST_KEY_UIApplicationSupportsIndirectInputEvents[sdk=iphoneos*]" = YES;
				"INFOPLIST_KEY_UIApplicationSupportsIndirectInputEvents[sdk=iphonesimulator*]" = YES;
				"INFOPLIST_KEY_UILaunchScreen_Generation[sdk=iphoneos*]" = YES;
				"INFOPLIST_KEY_UILaunchScreen_Generation[sdk=iphonesimulator*]" = YES;
				"INFOPLIST_KEY_UIStatusBarStyle[sdk=iphoneos*]" = UIStatusBarStyleDefault;
				"INFOPLIST_KEY_UIStatusBarStyle[sdk=iphonesimulator*]" = UIStatusBarStyleDefault;
				INFOPLIST_KEY_UISupportedInterfaceOrientations_iPad = "UIInterfaceOrientationPortrait UIInterfaceOrientationPortraitUpsideDown UIInterfaceOrientationLandscapeLeft UIInterfaceOrientationLandscapeRight";
				INFOPLIST_KEY_UISupportedInterfaceOrientations_iPhone = "UIInterfaceOrientationPortrait UIInterfaceOrientationLandscapeLeft UIInterfaceOrientationLandscapeRight";
				IPHONEOS_DEPLOYMENT_TARGET = 16.4;
				LD_RUNPATH_SEARCH_PATHS = "@executable_path/Frameworks";
				"LD_RUNPATH_SEARCH_PATHS[sdk=macosx*]" = "@executable_path/../Frameworks";
				MACOSX_DEPLOYMENT_TARGET = 13.3;
				MARKETING_VERSION = 1.0;
				PRODUCT_BUNDLE_IDENTIFIER = test.UberDemo;
				PRODUCT_NAME = "$(TARGET_NAME)";
				SDKROOT = auto;
				SUPPORTED_PLATFORMS = "iphoneos iphonesimulator macosx";
				SWIFT_EMIT_LOC_STRINGS = YES;
				SWIFT_VERSION = 5.0;
				TARGETED_DEVICE_FAMILY = "1,2";
			};
			name = Release;
		};
/* End XCBuildConfiguration section */

/* Begin XCConfigurationList section */
		1F7A8B752AB22EF200F1C6DC /* Build configuration list for PBXProject "UberDemo" */ = {
			isa = XCConfigurationList;
			buildConfigurations = (
				1F7A8B872AB22EF400F1C6DC /* Debug */,
				1F7A8B882AB22EF400F1C6DC /* Release */,
			);
			defaultConfigurationIsVisible = 0;
			defaultConfigurationName = Release;
		};
		1F7A8B892AB22EF400F1C6DC /* Build configuration list for PBXNativeTarget "UberDemo" */ = {
			isa = XCConfigurationList;
			buildConfigurations = (
				1F7A8B8A2AB22EF400F1C6DC /* Debug */,
				1F7A8B8B2AB22EF400F1C6DC /* Release */,
			);
			defaultConfigurationIsVisible = 0;
			defaultConfigurationName = Release;
		};
/* End XCConfigurationList section */
	};
	rootObject = 1F7A8B722AB22EF200F1C6DC /* Project object */;
}
